
Microsoft Visual Studio Solution File, Format Version 12.00
# Visual Studio 15
VisualStudioVersion = 15.0.27703.2035
MinimumVisualStudioVersion = 10.0.40219.1
Project("{FAE04EC0-301F-11D3-BF4B-00C04F79EFBC}") = "RoleBot", "RoleBot\RoleBot.csproj", "{6FF94190-C0CA-4800-AA42-A61EB6D1747B}"
EndProject
Global
	GlobalSection(SolutionConfigurationPlatforms) = preSolution
		Debug|Any CPU = Debug|Any CPU
		Release|Any CPU = Release|Any CPU
	EndGlobalSection
	GlobalSection(ProjectConfigurationPlatforms) = postSolution
		{6FF94190-C0CA-4800-AA42-A61EB6D1747B}.Debug|Any CPU.ActiveCfg = Debug|Any CPU
		{6FF94190-C0CA-4800-AA42-A61EB6D1747B}.Debug|Any CPU.Build.0 = Debug|Any CPU
		{6FF94190-C0CA-4800-AA42-A61EB6D1747B}.Release|Any CPU.ActiveCfg = Release|Any CPU
		{6FF94190-C0CA-4800-AA42-A61EB6D1747B}.Release|Any CPU.Build.0 = Release|Any CPU
	EndGlobalSection
	GlobalSection(SolutionProperties) = preSolution
		HideSolutionNode = FALSE
	EndGlobalSection
	GlobalSection(ExtensibilityGlobals) = postSolution
		SolutionGuid = {C4774F08-66D9-4F18-812A-025A9E5EF4D8}
	EndGlobalSection
EndGlobal
